Microsoft Visual Studio Solution File, Format Version 12.00
# Visual Studio 16
Project("{2150E333-8FDC-42A3-9474-1A3956D46DE8}") = "CMakePredefinedTargets", "CMakePredefinedTargets", "{9E9BBF18-9F07-3E25-B173-F1F1F61905A7}"
EndProject
Project("{2150E333-8FDC-42A3-9474-1A3956D46DE8}") = "GLFW3", "GLFW3", "{447E2B69-6CB9-3C90-8C2F-8C43AA404725}"
EndProject
Project("{2150E333-8FDC-42A3-9474-1A3956D46DE8}") = "Examples", "GLFW3\Examples", "{0B377351-85B7-3AB5-844A-96D3C6FC138D}"
EndProject
Project("{2150E333-8FDC-42A3-9474-1A3956D46DE8}") = "Tests", "GLFW3\Tests", "{668499D1-D9C3-3F7A-BE42-CF6C8B14603E}"
EndProject
Project("{8BC9CEB8-8B4A-11D0-8D11-00A0C91BC942}") = "ALL_BUILD", "ALL_BUILD.vcxproj", "{D0031D11-DFD1-31F2-ABA3-E901C23A371F}"
	ProjectSection(ProjectDependencies) = postProject
		{6D24A0BC-8F8E-3990-8D28-C7C43F33E401} = {6D24A0BC-8F8E-3990-8D28-C7C43F33E401}
		{D20B4008-64F1-3686-8416-52E2E821D7E2} = {D20B4008-64F1-3686-8416-52E2E821D7E2}
		{11FEFCC0-4B42-32B0-9164-A3E64E7D6DD2} = {11FEFCC0-4B42-32B0-9164-A3E64E7D6DD2}
		{42959FEC-38C9-3E32-BCB5-96265B3E82F4} = {42959FEC-38C9-3E32-BCB5-96265B3E82F4}
		{377AD4E1-0969-3257-BE35-429798DF6064} = {377AD4E1-0969-3257-BE35-429798DF6064}
		{2284048E-70F5-317D-8364-B6308DBF1BE9} = {2284048E-70F5-317D-8364-B6308DBF1BE9}
		{3FBA77A9-E97B-3A56-9FA6-96BAD3295ED1} = {3FBA77A9-E97B-3A56-9FA6-96BAD3295ED1}
		{2C04C096-3335-39B0-84D9-CEA182AE88E8} = {2C04C096-3335-39B0-84D9-CEA182AE88E8}
		{D6E72B07-6EDB-3569-B085-001A82594A55} = {D6E72B07-6EDB-3569-B085-001A82594A55}
		{8EDE0100-6505-303D-99F8-12D5894115DE} = {8EDE0100-6505-303D-99F8-12D5894115DE}
		{24CF4E11-9FF1-399F-A28C-E5B14B37FC1A} = {24CF4E11-9FF1-399F-A28C-E5B14B37FC1A}
		{25D2D9FF-E037-38FD-808A-D6DF68272F9B} = {25D2D9FF-E037-38FD-808A-D6DF68272F9B}
		{ABF1354D-56F1-33DA-B597-862F7F1012E0} = {ABF1354D-56F1-33DA-B597-862F7F1012E0}
		{CF7E52A2-98FD-3244-9CB6-CDA0F835C352} = {CF7E52A2-98FD-3244-9CB6-CDA0F835C352}
		{0BAC4125-0615-3BDF-87FA-88A03D3D45C8} = {0BAC4125-0615-3BDF-87FA-88A03D3D45C8}
		{561B52F6-224B-3B70-A3E2-E0A71FF609D0} = {561B52F6-224B-3B70-A3E2-E0A71FF609D0}
		{8C9B2BD3-3710-3697-BF77-4D404694EE39} = {8C9B2BD3-3710-3697-BF77-4D404694EE39}
		{DC1A07FC-26ED-3CF4-B412-95AF34BE9480} = {DC1A07FC-26ED-3CF4-B412-95AF34BE9480}
		{6282EE5D-8EEC-3AE8-BC07-43B26774D1E7} = {6282EE5D-8EEC-3AE8-BC07-43B26774D1E7}
		{FA99480B-067A-318A-B99D-33FB2BB5754A} = {FA99480B-067A-318A-B99D-33FB2BB5754A}
		{E9ABBFD2-7AA4-3A0C-B9F8-000691DF3348} = {E9ABBFD2-7AA4-3A0C-B9F8-000691DF3348}
		{2AFE6D61-8B7C-308A-A5CD-361079952E56} = {2AFE6D61-8B7C-308A-A5CD-361079952E56}
		{76938A3E-01B4-3BFB-9B2A-A12DC2047D3F} = {76938A3E-01B4-3BFB-9B2A-A12DC2047D3F}
		{B47EADF5-1258-3837-90A6-4B70609878E3} = {B47EADF5-1258-3837-90A6-4B70609878E3}
		{5893FCFA-083F-3846-98AC-6C78411AF76B} = {5893FCFA-083F-3846-98AC-6C78411AF76B}
		{12607A48-7132-3451-9D00-34FD4DFDD052} = {12607A48-7132-3451-9D00-34FD4DFDD052}
		{CA410BC4-5010-3E6D-BEBA-74F8E6CAE665} = {CA410BC4-5010-3E6D-BEBA-74F8E6CAE665}
		{38BE1567-F6B6-3DAD-AF62-0896804642B5} = {38BE1567-F6B6-3DAD-AF62-0896804642B5}
		{682FB35B-B82C-3FC8-8ECF-9DB3B5B78B4F} = {682FB35B-B82C-3FC8-8ECF-9DB3B5B78B4F}
		{2DDA8EBF-F8E3-306C-A881-743B2BFF741B} = {2DDA8EBF-F8E3-306C-A881-743B2BFF741B}
		{2ABF2B5B-480A-370F-B8AA-C7084017C679} = {2ABF2B5B-480A-370F-B8AA-C7084017C679}
	EndProjectSection
EndProject
Project("{8BC9CEB8-8B4A-11D0-8D11-00A0C91BC942}") = "INSTALL", "INSTALL.vcxproj", "{130A7FC0-FE4C-33DB-9DBA-9BC10BF31668}"
	ProjectSection(ProjectDependencies) = postProject
		{D0031D11-DFD1-31F2-ABA3-E901C23A371F} = {D0031D11-DFD1-31F2-ABA3-E901C23A371F}
		{6D24A0BC-8F8E-3990-8D28-C7C43F33E401} = {6D24A0BC-8F8E-3990-8D28-C7C43F33E401}
	EndProjectSection
EndProject
Project("{8BC9CEB8-8B4A-11D0-8D11-00A0C91BC942}") = "ZERO_CHECK", "..\..\\ZERO_CHECK.vcxproj", "{6D24A0BC-8F8E-3990-8D28-C7C43F33E401}"
	ProjectSection(ProjectDependencies) = postProject
	EndProjectSection
EndProject
Project("{8BC9CEB8-8B4A-11D0-8D11-00A0C91BC942}") = "boing", "examples\boing.vcxproj", "{D20B4008-64F1-3686-8416-52E2E821D7E2}"
	ProjectSection(ProjectDependencies) = postProject
		{6D24A0BC-8F8E-3990-8D28-C7C43F33E401} = {6D24A0BC-8F8E-3990-8D28-C7C43F33E401}
		{D6E72B07-6EDB-3569-B085-001A82594A55} = {D6E72B07-6EDB-3569-B085-001A82594A55}
	EndProjectSection
EndProject
Project("{8BC9CEB8-8B4A-11D0-8D11-00A0C91BC942}") = "clipboard", "tests\clipboard.vcxproj", "{11FEFCC0-4B42-32B0-9164-A3E64E7D6DD2}"
	ProjectSection(ProjectDependencies) = postProject
		{6D24A0BC-8F8E-3990-8D28-C7C43F33E401} = {6D24A0BC-8F8E-3990-8D28-C7C43F33E401}
		{D6E72B07-6EDB-3569-B085-001A82594A55} = {D6E72B07-6EDB-3569-B085-001A82594A55}
	EndProjectSection
EndProject
Project("{8BC9CEB8-8B4A-11D0-8D11-00A0C91BC942}") = "cursor", "tests\cursor.vcxproj", "{42959FEC-38C9-3E32-BCB5-96265B3E82F4}"
	ProjectSection(ProjectDependencies) = postProject
		{6D24A0BC-8F8E-3990-8D28-C7C43F33E401} = {6D24A0BC-8F8E-3990-8D28-C7C43F33E401}
		{D6E72B07-6EDB-3569-B085-001A82594A55} = {D6E72B07-6EDB-3569-B085-001A82594A55}
	EndProjectSection
EndProject
Project("{8BC9CEB8-8B4A-11D0-8D11-00A0C91BC942}") = "empty", "tests\empty.vcxproj", "{377AD4E1-0969-3257-BE35-429798DF6064}"
	ProjectSection(ProjectDependencies) = postProject
		{6D24A0BC-8F8E-3990-8D28-C7C43F33E401} = {6D24A0BC-8F8E-3990-8D28-C7C43F33E401}
		{D6E72B07-6EDB-3569-B085-001A82594A55} = {D6E72B07-6EDB-3569-B085-001A82594A55}
	EndProjectSection
EndProject
Project("{8BC9CEB8-8B4A-11D0-8D11-00A0C91BC942}") = "events", "tests\events.vcxproj", "{2284048E-70F5-317D-8364-B6308DBF1BE9}"
	ProjectSection(ProjectDependencies) = postProject
		{6D24A0BC-8F8E-3990-8D28-C7C43F33E401} = {6D24A0BC-8F8E-3990-8D28-C7C43F33E401}
		{D6E72B07-6EDB-3569-B085-001A82594A55} = {D6E72B07-6EDB-3569-B085-001A82594A55}
	EndProjectSection
EndProject
Project("{8BC9CEB8-8B4A-11D0-8D11-00A0C91BC942}") = "gamma", "tests\gamma.vcxproj", "{3FBA77A9-E97B-3A56-9FA6-96BAD3295ED1}"
	ProjectSection(ProjectDependencies) = postProject
		{6D24A0BC-8F8E-3990-8D28-C7C43F33E401} = {6D24A0BC-8F8E-3990-8D28-C7C43F33E401}
		{D6E72B07-6EDB-3569-B085-001A82594A55} = {D6E72B07-6EDB-3569-B085-001A82594A55}
	EndProjectSection
EndProject
Project("{8BC9CEB8-8B4A-11D0-8D11-00A0C91BC942}") = "gears", "examples\gears.vcxproj", "{2C04C096-3335-39B0-84D9-CEA182AE88E8}"
	ProjectSection(ProjectDependencies) = postProject
		{6D24A0BC-8F8E-3990-8D28-C7C43F33E401} = {6D24A0BC-8F8E-3990-8D28-C7C43F33E401}
		{D6E72B07-6EDB-3569-B085-001A82594A55} = {D6E72B07-6EDB-3569-B085-001A82594A55}
	EndProjectSection
EndProject
Project("{8BC9CEB8-8B4A-11D0-8D11-00A0C91BC942}") = "glfw", "src\glfw.vcxproj", "{D6E72B07-6EDB-3569-B085-001A82594A55}"
	ProjectSection(ProjectDependencies) = postProject
		{6D24A0BC-8F8E-3990-8D28-C7C43F33E401} = {6D24A0BC-8F8E-3990-8D28-C7C43F33E401}
	EndProjectSection
EndProject
Project("{8BC9CEB8-8B4A-11D0-8D11-00A0C91BC942}") = "glfwinfo", "tests\glfwinfo.vcxproj", "{8EDE0100-6505-303D-99F8-12D5894115DE}"
	ProjectSection(ProjectDependencies) = postProject
		{6D24A0BC-8F8E-3990-8D28-C7C43F33E401} = {6D24A0BC-8F8E-3990-8D28-C7C43F33E401}
		{D6E72B07-6EDB-3569-B085-001A82594A55} = {D6E72B07-6EDB-3569-B085-001A82594A55}
	EndProjectSection
EndProject
Project("{8BC9CEB8-8B4A-11D0-8D11-00A0C91BC942}") = "heightmap", "examples\heightmap.vcxproj", "{24CF4E11-9FF1-399F-A28C-E5B14B37FC1A}"
	ProjectSection(ProjectDependencies) = postProject
		{6D24A0BC-8F8E-3990-8D28-C7C43F33E401} = {6D24A0BC-8F8E-3990-8D28-C7C43F33E401}
		{D6E72B07-6EDB-3569-B085-001A82594A55} = {D6E72B07-6EDB-3569-B085-001A82594A55}
	EndProjectSection
EndProject
Project("{8BC9CEB8-8B4A-11D0-8D11-00A0C91BC942}") = "icon", "tests\icon.vcxproj", "{25D2D9FF-E037-38FD-808A-D6DF68272F9B}"
	ProjectSection(ProjectDependencies) = postProject
		{6D24A0BC-8F8E-3990-8D28-C7C43F33E401} = {6D24A0BC-8F8E-3990-8D28-C7C43F33E401}
		{D6E72B07-6EDB-3569-B085-001A82594A55} = {D6E72B07-6EDB-3569-B085-001A82594A55}
	EndProjectSection
EndProject
Project("{8BC9CEB8-8B4A-11D0-8D11-00A0C91BC942}") = "iconify", "tests\iconify.vcxproj", "{ABF1354D-56F1-33DA-B597-862F7F1012E0}"
	ProjectSection(ProjectDependencies) = postProject
		{6D24A0BC-8F8E-3990-8D28-C7C43F33E401} = {6D24A0BC-8F8E-3990-8D28-C7C43F33E401}
		{D6E72B07-6EDB-3569-B085-001A82594A55} = {D6E72B07-6EDB-3569-B085-001A82594A55}
	EndProjectSection
EndProject
Project("{8BC9CEB8-8B4A-11D0-8D11-00A0C91BC942}") = "inputlag", "tests\inputlag.vcxproj", "{CF7E52A2-98FD-3244-9CB6-CDA0F835C352}"
	ProjectSection(ProjectDependencies) = postProject
		{6D24A0BC-8F8E-3990-8D28-C7C43F33E401} = {6D24A0BC-8F8E-3990-8D28-C7C43F33E401}
		{D6E72B07-6EDB-3569-B085-001A82594A55} = {D6E72B07-6EDB-3569-B085-001A82594A55}
	EndProjectSection
EndProject
Project("{8BC9CEB8-8B4A-11D0-8D11-00A0C91BC942}") = "joysticks", "tests\joysticks.vcxproj", "{0BAC4125-0615-3BDF-87FA-88A03D3D45C8}"
	ProjectSection(ProjectDependencies) = postProject
		{6D24A0BC-8F8E-3990-8D28-C7C43F33E401} = {6D24A0BC-8F8E-3990-8D28-C7C43F33E401}
		{D6E72B07-6EDB-3569-B085-001A82594A55} = {D6E72B07-6EDB-3569-B085-001A82594A55}
	EndProjectSection
EndProject
Project("{8BC9CEB8-8B4A-11D0-8D11-00A0C91BC942}") = "monitors", "tests\monitors.vcxproj", "{561B52F6-224B-3B70-A3E2-E0A71FF609D0}"
	ProjectSection(ProjectDependencies) = postProject
		{6D24A0BC-8F8E-3990-8D28-C7C43F33E401} = {6D24A0BC-8F8E-3990-8D28-C7C43F33E401}
		{D6E72B07-6EDB-3569-B085-001A82594A55} = {D6E72B07-6EDB-3569-B085-001A82594A55}
	EndProjectSection
EndProject
Project("{8BC9CEB8-8B4A-11D0-8D11-00A0C91BC942}") = "msaa", "tests\msaa.vcxproj", "{8C9B2BD3-3710-3697-BF77-4D404694EE39}"
	ProjectSection(ProjectDependencies) = postProject
		{6D24A0BC-8F8E-3990-8D28-C7C43F33E401} = {6D24A0BC-8F8E-3990-8D28-C7C43F33E401}
		{D6E72B07-6EDB-3569-B085-001A82594A55} = {D6E72B07-6EDB-3569-B085-001A82594A55}
	EndProjectSection
EndProject
Project("{8BC9CEB8-8B4A-11D0-8D11-00A0C91BC942}") = "offscreen", "examples\offscreen.vcxproj", "{DC1A07FC-26ED-3CF4-B412-95AF34BE9480}"
	ProjectSection(ProjectDependencies) = postProject
		{6D24A0BC-8F8E-3990-8D28-C7C43F33E401} = {6D24A0BC-8F8E-3990-8D28-C7C43F33E401}
		{D6E72B07-6EDB-3569-B085-001A82594A55} = {D6E72B07-6EDB-3569-B085-001A82594A55}
	EndProjectSection
EndProject
Project("{8BC9CEB8-8B4A-11D0-8D11-00A0C91BC942}") = "opacity", "tests\opacity.vcxproj", "{6282EE5D-8EEC-3AE8-BC07-43B26774D1E7}"
	ProjectSection(ProjectDependencies) = postProject
		{6D24A0BC-8F8E-3990-8D28-C7C43F33E401} = {6D24A0BC-8F8E-3990-8D28-C7C43F33E401}
		{D6E72B07-6EDB-3569-B085-001A82594A55} = {D6E72B07-6EDB-3569-B085-001A82594A55}
	EndProjectSection
EndProject
Project("{8BC9CEB8-8B4A-11D0-8D11-00A0C91BC942}") = "particles", "examples\particles.vcxproj", "{FA99480B-067A-318A-B99D-33FB2BB5754A}"
	ProjectSection(ProjectDependencies) = postProject
		{6D24A0BC-8F8E-3990-8D28-C7C43F33E401} = {6D24A0BC-8F8E-3990-8D28-C7C43F33E401}
		{D6E72B07-6EDB-3569-B085-001A82594A55} = {D6E72B07-6EDB-3569-B085-001A82594A55}
	EndProjectSection
EndProject
Project("{8BC9CEB8-8B4A-11D0-8D11-00A0C91BC942}") = "reopen", "tests\reopen.vcxproj", "{E9ABBFD2-7AA4-3A0C-B9F8-000691DF3348}"
	ProjectSection(ProjectDependencies) = postProject
		{6D24A0BC-8F8E-3990-8D28-C7C43F33E401} = {6D24A0BC-8F8E-3990-8D28-C7C43F33E401}
		{D6E72B07-6EDB-3569-B085-001A82594A55} = {D6E72B07-6EDB-3569-B085-001A82594A55}
	EndProjectSection
EndProject
Project("{8BC9CEB8-8B4A-11D0-8D11-00A0C91BC942}") = "sharing", "examples\sharing.vcxproj", "{2AFE6D61-8B7C-308A-A5CD-361079952E56}"
	ProjectSection(ProjectDependencies) = postProject
		{6D24A0BC-8F8E-3990-8D28-C7C43F33E401} = {6D24A0BC-8F8E-3990-8D28-C7C43F33E401}
		{D6E72B07-6EDB-3569-B085-001A82594A55} = {D6E72B07-6EDB-3569-B085-001A82594A55}
	EndProjectSection
EndProject
Project("{8BC9CEB8-8B4A-11D0-8D11-00A0C91BC942}") = "simple", "examples\simple.vcxproj", "{76938A3E-01B4-3BFB-9B2A-A12DC2047D3F}"
	ProjectSection(ProjectDependencies) = postProject
		{6D24A0BC-8F8E-3990-8D28-C7C43F33E401} = {6D24A0BC-8F8E-3990-8D28-C7C43F33E401}
		{D6E72B07-6EDB-3569-B085-001A82594A55} = {D6E72B07-6EDB-3569-B085-001A82594A55}
	EndProjectSection
EndProject
Project("{8BC9CEB8-8B4A-11D0-8D11-00A0C91BC942}") = "splitview", "examples\splitview.vcxproj", "{B47EADF5-1258-3837-90A6-4B70609878E3}"
	ProjectSection(ProjectDependencies) = postProject
		{6D24A0BC-8F8E-3990-8D28-C7C43F33E401} = {6D24A0BC-8F8E-3990-8D28-C7C43F33E401}
		{D6E72B07-6EDB-3569-B085-001A82594A55} = {D6E72B07-6EDB-3569-B085-001A82594A55}
	EndProjectSection
EndProject
Project("{8BC9CEB8-8B4A-11D0-8D11-00A0C91BC942}") = "tearing", "tests\tearing.vcxproj", "{5893FCFA-083F-3846-98AC-6C78411AF76B}"
	ProjectSection(ProjectDependencies) = postProject
		{6D24A0BC-8F8E-3990-8D28-C7C43F33E401} = {6D24A0BC-8F8E-3990-8D28-C7C43F33E401}
		{D6E72B07-6EDB-3569-B085-001A82594A55} = {D6E72B07-6EDB-3569-B085-001A82594A55}
	EndProjectSection
EndProject
Project("{8BC9CEB8-8B4A-11D0-8D11-00A0C91BC942}") = "threads", "tests\threads.vcxproj", "{12607A48-7132-3451-9D00-34FD4DFDD052}"
	ProjectSection(ProjectDependencies) = postProject
		{6D24A0BC-8F8E-3990-8D28-C7C43F33E401} = {6D24A0BC-8F8E-3990-8D28-C7C43F33E401}
		{D6E72B07-6EDB-3569-B085-001A82594A55} = {D6E72B07-6EDB-3569-B085-001A82594A55}
	EndProjectSection
EndProject
Project("{8BC9CEB8-8B4A-11D0-8D11-00A0C91BC942}") = "timeout", "tests\timeout.vcxproj", "{CA410BC4-5010-3E6D-BEBA-74F8E6CAE665}"
	ProjectSection(ProjectDependencies) = postProject
		{6D24A0BC-8F8E-3990-8D28-C7C43F33E401} = {6D24A0BC-8F8E-3990-8D28-C7C43F33E401}
		{D6E72B07-6EDB-3569-B085-001A82594A55} = {D6E72B07-6EDB-3569-B085-001A82594A55}
	EndProjectSection
EndProject
Project("{8BC9CEB8-8B4A-11D0-8D11-00A0C91BC942}") = "title", "tests\title.vcxproj", "{38BE1567-F6B6-3DAD-AF62-0896804642B5}"
	ProjectSection(ProjectDependencies) = postProject
		{6D24A0BC-8F8E-3990-8D28-C7C43F33E401} = {6D24A0BC-8F8E-3990-8D28-C7C43F33E401}
		{D6E72B07-6EDB-3569-B085-001A82594A55} = {D6E72B07-6EDB-3569-B085-001A82594A55}
	EndProjectSection
EndProject
Project("{8BC9CEB8-8B4A-11D0-8D11-00A0C91BC942}") = "triangle-vulkan", "tests\triangle-vulkan.vcxproj", "{682FB35B-B82C-3FC8-8ECF-9DB3B5B78B4F}"
	ProjectSection(ProjectDependencies) = postProject
		{6D24A0BC-8F8E-3990-8D28-C7C43F33E401} = {6D24A0BC-8F8E-3990-8D28-C7C43F33E401}
		{D6E72B07-6EDB-3569-B085-001A82594A55} = {D6E72B07-6EDB-3569-B085-001A82594A55}
	EndProjectSection
EndProject
Project("{8BC9CEB8-8B4A-11D0-8D11-00A0C91BC942}") = "uninstall", "uninstall.vcxproj", "{4D656656-DAFB-303C-9AFD-0122CAA2B1F2}"
	ProjectSection(ProjectDependencies) = postProject
		{6D24A0BC-8F8E-3990-8D28-C7C43F33E401} = {6D24A0BC-8F8E-3990-8D28-C7C43F33E401}
	EndProjectSection
EndProject
Project("{8BC9CEB8-8B4A-11D0-8D11-00A0C91BC942}") = "wave", "examples\wave.vcxproj", "{2DDA8EBF-F8E3-306C-A881-743B2BFF741B}"
	ProjectSection(ProjectDependencies) = postProject
		{6D24A0BC-8F8E-3990-8D28-C7C43F33E401} = {6D24A0BC-8F8E-3990-8D28-C7C43F33E401}
		{D6E72B07-6EDB-3569-B085-001A82594A55} = {D6E72B07-6EDB-3569-B085-001A82594A55}
	EndProjectSection
EndProject
Project("{8BC9CEB8-8B4A-11D0-8D11-00A0C91BC942}") = "windows", "tests\windows.vcxproj", "{2ABF2B5B-480A-370F-B8AA-C7084017C679}"
	ProjectSection(ProjectDependencies) = postProject
		{6D24A0BC-8F8E-3990-8D28-C7C43F33E401} = {6D24A0BC-8F8E-3990-8D28-C7C43F33E401}
		{D6E72B07-6EDB-3569-B085-001A82594A55} = {D6E72B07-6EDB-3569-B085-001A82594A55}
	EndProjectSection
EndProject
Global
	GlobalSection(SolutionConfigurationPlatforms) = preSolution
		Debug|x64 = Debug|x64
		Release|x64 = Release|x64
		MinSizeRel|x64 = MinSizeRel|x64
		RelWithDebInfo|x64 = RelWithDebInfo|x64
	EndGlobalSection
	GlobalSection(ProjectConfigurationPlatforms) = postSolution
		{D0031D11-DFD1-31F2-ABA3-E901C23A371F}.Debug|x64.ActiveCfg = Debug|x64
		{D0031D11-DFD1-31F2-ABA3-E901C23A371F}.Debug|x64.Build.0 = Debug|x64
		{D0031D11-DFD1-31F2-ABA3-E901C23A371F}.Release|x64.ActiveCfg = Release|x64
		{D0031D11-DFD1-31F2-ABA3-E901C23A371F}.Release|x64.Build.0 = Release|x64
		{D0031D11-DFD1-31F2-ABA3-E901C23A371F}.MinSizeRel|x64.ActiveCfg = MinSizeRel|x64
		{D0031D11-DFD1-31F2-ABA3-E901C23A371F}.MinSizeRel|x64.Build.0 = MinSizeRel|x64
		{D0031D11-DFD1-31F2-ABA3-E901C23A371F}.RelWithDebInfo|x64.ActiveCfg = RelWithDebInfo|x64
		{D0031D11-DFD1-31F2-ABA3-E901C23A371F}.RelWithDebInfo|x64.Build.0 = RelWithDebInfo|x64
		{130A7FC0-FE4C-33DB-9DBA-9BC10BF31668}.Debug|x64.ActiveCfg = Debug|x64
		{130A7FC0-FE4C-33DB-9DBA-9BC10BF31668}.Release|x64.ActiveCfg = Release|x64
		{130A7FC0-FE4C-33DB-9DBA-9BC10BF31668}.MinSizeRel|x64.ActiveCfg = MinSizeRel|x64
		{130A7FC0-FE4C-33DB-9DBA-9BC10BF31668}.RelWithDebInfo|x64.ActiveCfg = RelWithDebInfo|x64
		{6D24A0BC-8F8E-3990-8D28-C7C43F33E401}.Debug|x64.ActiveCfg = Debug|x64
		{6D24A0BC-8F8E-3990-8D28-C7C43F33E401}.Debug|x64.Build.0 = Debug|x64
		{6D24A0BC-8F8E-3990-8D28-C7C43F33E401}.Release|x64.ActiveCfg = Release|x64
		{6D24A0BC-8F8E-3990-8D28-C7C43F33E401}.Release|x64.Build.0 = Release|x64
		{6D24A0BC-8F8E-3990-8D28-C7C43F33E401}.MinSizeRel|x64.ActiveCfg = MinSizeRel|x64
		{6D24A0BC-8F8E-3990-8D28-C7C43F33E401}.MinSizeRel|x64.Build.0 = MinSizeRel|x64
		{6D24A0BC-8F8E-3990-8D28-C7C43F33E401}.RelWithDebInfo|x64.ActiveCfg = RelWithDebInfo|x64
		{6D24A0BC-8F8E-3990-8D28-C7C43F33E401}.RelWithDebInfo|x64.Build.0 = RelWithDebInfo|x64
		{D20B4008-64F1-3686-8416-52E2E821D7E2}.Debug|x64.ActiveCfg = Debug|x64
		{D20B4008-64F1-3686-8416-52E2E821D7E2}.Debug|x64.Build.0 = Debug|x64
		{D20B4008-64F1-3686-8416-52E2E821D7E2}.Release|x64.ActiveCfg = Release|x64
		{D20B4008-64F1-3686-8416-52E2E821D7E2}.Release|x64.Build.0 = Release|x64
		{D20B4008-64F1-3686-8416-52E2E821D7E2}.MinSizeRel|x64.ActiveCfg = MinSizeRel|x64
		{D20B4008-64F1-3686-8416-52E2E821D7E2}.MinSizeRel|x64.Build.0 = MinSizeRel|x64
		{D20B4008-64F1-3686-8416-52E2E821D7E2}.RelWithDebInfo|x64.ActiveCfg = RelWithDebInfo|x64
		{D20B4008-64F1-3686-8416-52E2E821D7E2}.RelWithDebInfo|x64.Build.0 = RelWithDebInfo|x64
		{11FEFCC0-4B42-32B0-9164-A3E64E7D6DD2}.Debug|x64.ActiveCfg = Debug|x64
		{11FEFCC0-4B42-32B0-9164-A3E64E7D6DD2}.Debug|x64.Build.0 = Debug|x64
		{11FEFCC0-4B42-32B0-9164-A3E64E7D6DD2}.Release|x64.ActiveCfg = Release|x64
		{11FEFCC0-4B42-32B0-9164-A3E64E7D6DD2}.Release|x64.Build.0 = Release|x64
		{11FEFCC0-4B42-32B0-9164-A3E64E7D6DD2}.MinSizeRel|x64.ActiveCfg = MinSizeRel|x64
		{11FEFCC0-4B42-32B0-9164-A3E64E7D6DD2}.MinSizeRel|x64.Build.0 = MinSizeRel|x64
		{11FEFCC0-4B42-32B0-9164-A3E64E7D6DD2}.RelWithDebInfo|x64.ActiveCfg = RelWithDebInfo|x64
		{11FEFCC0-4B42-32B0-9164-A3E64E7D6DD2}.RelWithDebInfo|x64.Build.0 = RelWithDebInfo|x64
		{42959FEC-38C9-3E32-BCB5-96265B3E82F4}.Debug|x64.ActiveCfg = Debug|x64
		{42959FEC-38C9-3E32-BCB5-96265B3E82F4}.Debug|x64.Build.0 = Debug|x64
		{42959FEC-38C9-3E32-BCB5-96265B3E82F4}.Release|x64.ActiveCfg = Release|x64
		{42959FEC-38C9-3E32-BCB5-96265B3E82F4}.Release|x64.Build.0 = Release|x64
		{42959FEC-38C9-3E32-BCB5-96265B3E82F4}.MinSizeRel|x64.ActiveCfg = MinSizeRel|x64
		{42959FEC-38C9-3E32-BCB5-96265B3E82F4}.MinSizeRel|x64.Build.0 = MinSizeRel|x64
		{42959FEC-38C9-3E32-BCB5-96265B3E82F4}.RelWithDebInfo|x64.ActiveCfg = RelWithDebInfo|x64
		{42959FEC-38C9-3E32-BCB5-96265B3E82F4}.RelWithDebInfo|x64.Build.0 = RelWithDebInfo|x64
		{377AD4E1-0969-3257-BE35-429798DF6064}.Debug|x64.ActiveCfg = Debug|x64
		{377AD4E1-0969-3257-BE35-429798DF6064}.Debug|x64.Build.0 = Debug|x64
		{377AD4E1-0969-3257-BE35-429798DF6064}.Release|x64.ActiveCfg = Release|x64
		{377AD4E1-0969-3257-BE35-429798DF6064}.Release|x64.Build.0 = Release|x64
		{377AD4E1-0969-3257-BE35-429798DF6064}.MinSizeRel|x64.ActiveCfg = MinSizeRel|x64
		{377AD4E1-0969-3257-BE35-429798DF6064}.MinSizeRel|x64.Build.0 = MinSizeRel|x64
		{377AD4E1-0969-3257-BE35-429798DF6064}.RelWithDebInfo|x64.ActiveCfg = RelWithDebInfo|x64
		{377AD4E1-0969-3257-BE35-429798DF6064}.RelWithDebInfo|x64.Build.0 = RelWithDebInfo|x64
		{2284048E-70F5-317D-8364-B6308DBF1BE9}.Debug|x64.ActiveCfg = Debug|x64
		{2284048E-70F5-317D-8364-B6308DBF1BE9}.Debug|x64.Build.0 = Debug|x64
		{2284048E-70F5-317D-8364-B6308DBF1BE9}.Release|x64.ActiveCfg = Release|x64
		{2284048E-70F5-317D-8364-B6308DBF1BE9}.Release|x64.Build.0 = Release|x64
		{2284048E-70F5-317D-8364-B6308DBF1BE9}.MinSizeRel|x64.ActiveCfg = MinSizeRel|x64
		{2284048E-70F5-317D-8364-B6308DBF1BE9}.MinSizeRel|x64.Build.0 = MinSizeRel|x64
		{2284048E-70F5-317D-8364-B6308DBF1BE9}.RelWithDebInfo|x64.ActiveCfg = RelWithDebInfo|x64
		{2284048E-70F5-317D-8364-B6308DBF1BE9}.RelWithDebInfo|x64.Build.0 = RelWithDebInfo|x64
		{3FBA77A9-E97B-3A56-9FA6-96BAD3295ED1}.Debug|x64.ActiveCfg = Debug|x64
		{3FBA77A9-E97B-3A56-9FA6-96BAD3295ED1}.Debug|x64.Build.0 = Debug|x64
		{3FBA77A9-E97B-3A56-9FA6-96BAD3295ED1}.Release|x64.ActiveCfg = Release|x64
		{3FBA77A9-E97B-3A56-9FA6-96BAD3295ED1}.Release|x64.Build.0 = Release|x64
		{3FBA77A9-E97B-3A56-9FA6-96BAD3295ED1}.MinSizeRel|x64.ActiveCfg = MinSizeRel|x64
		{3FBA77A9-E97B-3A56-9FA6-96BAD3295ED1}.MinSizeRel|x64.Build.0 = MinSizeRel|x64
		{3FBA77A9-E97B-3A56-9FA6-96BAD3295ED1}.RelWithDebInfo|x64.ActiveCfg = RelWithDebInfo|x64
		{3FBA77A9-E97B-3A56-9FA6-96BAD3295ED1}.RelWithDebInfo|x64.Build.0 = RelWithDebInfo|x64
		{2C04C096-3335-39B0-84D9-CEA182AE88E8}.Debug|x64.ActiveCfg = Debug|x64
		{2C04C096-3335-39B0-84D9-CEA182AE88E8}.Debug|x64.Build.0 = Debug|x64
		{2C04C096-3335-39B0-84D9-CEA182AE88E8}.Release|x64.ActiveCfg = Release|x64
		{2C04C096-3335-39B0-84D9-CEA182AE88E8}.Release|x64.Build.0 = Release|x64
		{2C04C096-3335-39B0-84D9-CEA182AE88E8}.MinSizeRel|x64.ActiveCfg = MinSizeRel|x64
		{2C04C096-3335-39B0-84D9-CEA182AE88E8}.MinSizeRel|x64.Build.0 = MinSizeRel|x64
		{2C04C096-3335-39B0-84D9-CEA182AE88E8}.RelWithDebInfo|x64.ActiveCfg = RelWithDebInfo|x64
		{2C04C096-3335-39B0-84D9-CEA182AE88E8}.RelWithDebInfo|x64.Build.0 = RelWithDebInfo|x64
		{D6E72B07-6EDB-3569-B085-001A82594A55}.Debug|x64.ActiveCfg = Debug|x64
		{D6E72B07-6EDB-3569-B085-001A82594A55}.Debug|x64.Build.0 = Debug|x64
		{D6E72B07-6EDB-3569-B085-001A82594A55}.Release|x64.ActiveCfg = Release|x64
		{D6E72B07-6EDB-3569-B085-001A82594A55}.Release|x64.Build.0 = Release|x64
		{D6E72B07-6EDB-3569-B085-001A82594A55}.MinSizeRel|x64.ActiveCfg = MinSizeRel|x64
		{D6E72B07-6EDB-3569-B085-001A82594A55}.MinSizeRel|x64.Build.0 = MinSizeRel|x64
		{D6E72B07-6EDB-3569-B085-001A82594A55}.RelWithDebInfo|x64.ActiveCfg = RelWithDebInfo|x64
		{D6E72B07-6EDB-3569-B085-001A82594A55}.RelWithDebInfo|x64.Build.0 = RelWithDebInfo|x64
		{8EDE0100-6505-303D-99F8-12D5894115DE}.Debug|x64.ActiveCfg = Debug|x64
		{8EDE0100-6505-303D-99F8-12D5894115DE}.Debug|x64.Build.0 = Debug|x64
		{8EDE0100-6505-303D-99F8-12D5894115DE}.Release|x64.ActiveCfg = Release|x64
		{8EDE0100-6505-303D-99F8-12D5894115DE}.Release|x64.Build.0 = Release|x64
		{8EDE0100-6505-303D-99F8-12D5894115DE}.MinSizeRel|x64.ActiveCfg = MinSizeRel|x64
		{8EDE0100-6505-303D-99F8-12D5894115DE}.MinSizeRel|x64.Build.0 = MinSizeRel|x64
		{8EDE0100-6505-303D-99F8-12D5894115DE}.RelWithDebInfo|x64.ActiveCfg = RelWithDebInfo|x64
		{8EDE0100-6505-303D-99F8-12D5894115DE}.RelWithDebInfo|x64.Build.0 = RelWithDebInfo|x64
		{24CF4E11-9FF1-399F-A28C-E5B14B37FC1A}.Debug|x64.ActiveCfg = Debug|x64
		{24CF4E11-9FF1-399F-A28C-E5B14B37FC1A}.Debug|x64.Build.0 = Debug|x64
		{24CF4E11-9FF1-399F-A28C-E5B14B37FC1A}.Release|x64.ActiveCfg = Release|x64
		{24CF4E11-9FF1-399F-A28C-E5B14B37FC1A}.Release|x64.Build.0 = Release|x64
		{24CF4E11-9FF1-399F-A28C-E5B14B37FC1A}.MinSizeRel|x64.ActiveCfg = MinSizeRel|x64
		{24CF4E11-9FF1-399F-A28C-E5B14B37FC1A}.MinSizeRel|x64.Build.0 = MinSizeRel|x64
		{24CF4E11-9FF1-399F-A28C-E5B14B37FC1A}.RelWithDebInfo|x64.ActiveCfg = RelWithDebInfo|x64
		{24CF4E11-9FF1-399F-A28C-E5B14B37FC1A}.RelWithDebInfo|x64.Build.0 = RelWithDebInfo|x64
		{25D2D9FF-E037-38FD-808A-D6DF68272F9B}.Debug|x64.ActiveCfg = Debug|x64
		{25D2D9FF-E037-38FD-808A-D6DF68272F9B}.Debug|x64.Build.0 = Debug|x64
		{25D2D9FF-E037-38FD-808A-D6DF68272F9B}.Release|x64.ActiveCfg = Release|x64
		{25D2D9FF-E037-38FD-808A-D6DF68272F9B}.Release|x64.Build.0 = Release|x64
		{25D2D9FF-E037-38FD-808A-D6DF68272F9B}.MinSizeRel|x64.ActiveCfg = MinSizeRel|x64
		{25D2D9FF-E037-38FD-808A-D6DF68272F9B}.MinSizeRel|x64.Build.0 = MinSizeRel|x64
		{25D2D9FF-E037-38FD-808A-D6DF68272F9B}.RelWithDebInfo|x64.ActiveCfg = RelWithDebInfo|x64
		{25D2D9FF-E037-38FD-808A-D6DF68272F9B}.RelWithDebInfo|x64.Build.0 = RelWithDebInfo|x64
		{ABF1354D-56F1-33DA-B597-862F7F1012E0}.Debug|x64.ActiveCfg = Debug|x64
		{ABF1354D-56F1-33DA-B597-862F7F1012E0}.Debug|x64.Build.0 = Debug|x64
		{ABF1354D-56F1-33DA-B597-862F7F1012E0}.Release|x64.ActiveCfg = Release|x64
		{ABF1354D-56F1-33DA-B597-862F7F1012E0}.Release|x64.Build.0 = Release|x64
		{ABF1354D-56F1-33DA-B597-862F7F1012E0}.MinSizeRel|x64.ActiveCfg = MinSizeRel|x64
		{ABF1354D-56F1-33DA-B597-862F7F1012E0}.MinSizeRel|x64.Build.0 = MinSizeRel|x64
		{ABF1354D-56F1-33DA-B597-862F7F1012E0}.RelWithDebInfo|x64.ActiveCfg = RelWithDebInfo|x64
		{ABF1354D-56F1-33DA-B597-862F7F1012E0}.RelWithDebInfo|x64.Build.0 = RelWithDebInfo|x64
		{CF7E52A2-98FD-3244-9CB6-CDA0F835C352}.Debug|x64.ActiveCfg = Debug|x64
		{CF7E52A2-98FD-3244-9CB6-CDA0F835C352}.Debug|x64.Build.0 = Debug|x64
		{CF7E52A2-98FD-3244-9CB6-CDA0F835C352}.Release|x64.ActiveCfg = Release|x64
		{CF7E52A2-98FD-3244-9CB6-CDA0F835C352}.Release|x64.Build.0 = Release|x64
		{CF7E52A2-98FD-3244-9CB6-CDA0F835C352}.MinSizeRel|x64.ActiveCfg = MinSizeRel|x64
		{CF7E52A2-98FD-3244-9CB6-CDA0F835C352}.MinSizeRel|x64.Build.0 = MinSizeRel|x64
		{CF7E52A2-98FD-3244-9CB6-CDA0F835C352}.RelWithDebInfo|x64.ActiveCfg = RelWithDebInfo|x64
		{CF7E52A2-98FD-3244-9CB6-CDA0F835C352}.RelWithDebInfo|x64.Build.0 = RelWithDebInfo|x64
		{0BAC4125-0615-3BDF-87FA-88A03D3D45C8}.Debug|x64.ActiveCfg = Debug|x64
		{0BAC4125-0615-3BDF-87FA-88A03D3D45C8}.Debug|x64.Build.0 = Debug|x64
		{0BAC4125-0615-3BDF-87FA-88A03D3D45C8}.Release|x64.ActiveCfg = Release|x64
		{0BAC4125-0615-3BDF-87FA-88A03D3D45C8}.Release|x64.Build.0 = Release|x64
		{0BAC4125-0615-3BDF-87FA-88A03D3D45C8}.MinSizeRel|x64.ActiveCfg = MinSizeRel|x64
		{0BAC4125-0615-3BDF-87FA-88A03D3D45C8}.MinSizeRel|x64.Build.0 = MinSizeRel|x64
		{0BAC4125-0615-3BDF-87FA-88A03D3D45C8}.RelWithDebInfo|x64.ActiveCfg = RelWithDebInfo|x64
		{0BAC4125-0615-3BDF-87FA-88A03D3D45C8}.RelWithDebInfo|x64.Build.0 = RelWithDebInfo|x64
		{561B52F6-224B-3B70-A3E2-E0A71FF609D0}.Debug|x64.ActiveCfg = Debug|x64
		{561B52F6-224B-3B70-A3E2-E0A71FF609D0}.Debug|x64.Build.0 = Debug|x64
		{561B52F6-224B-3B70-A3E2-E0A71FF609D0}.Release|x64.ActiveCfg = Release|x64
		{561B52F6-224B-3B70-A3E2-E0A71FF609D0}.Release|x64.Build.0 = Release|x64
		{561B52F6-224B-3B70-A3E2-E0A71FF609D0}.MinSizeRel|x64.ActiveCfg = MinSizeRel|x64
		{561B52F6-224B-3B70-A3E2-E0A71FF609D0}.MinSizeRel|x64.Build.0 = MinSizeRel|x64
		{561B52F6-224B-3B70-A3E2-E0A71FF609D0}.RelWithDebInfo|x64.ActiveCfg = RelWithDebInfo|x64
		{561B52F6-224B-3B70-A3E2-E0A71FF609D0}.RelWithDebInfo|x64.Build.0 = RelWithDebInfo|x64
		{8C9B2BD3-3710-3697-BF77-4D404694EE39}.Debug|x64.ActiveCfg = Debug|x64
		{8C9B2BD3-3710-3697-BF77-4D404694EE39}.Debug|x64.Build.0 = Debug|x64
		{8C9B2BD3-3710-3697-BF77-4D404694EE39}.Release|x64.ActiveCfg = Release|x64
		{8C9B2BD3-3710-3697-BF77-4D404694EE39}.Release|x64.Build.0 = Release|x64
		{8C9B2BD3-3710-3697-BF77-4D404694EE39}.MinSizeRel|x64.ActiveCfg = MinSizeRel|x64
		{8C9B2BD3-3710-3697-BF77-4D404694EE39}.MinSizeRel|x64.Build.0 = MinSizeRel|x64
		{8C9B2BD3-3710-3697-BF77-4D404694EE39}.RelWithDebInfo|x64.ActiveCfg = RelWithDebInfo|x64
		{8C9B2BD3-3710-3697-BF77-4D404694EE39}.RelWithDebInfo|x64.Build.0 = RelWithDebInfo|x64
		{DC1A07FC-26ED-3CF4-B412-95AF34BE9480}.Debug|x64.ActiveCfg = Debug|x64
		{DC1A07FC-26ED-3CF4-B412-95AF34BE9480}.Debug|x64.Build.0 = Debug|x64
		{DC1A07FC-26ED-3CF4-B412-95AF34BE9480}.Release|x64.ActiveCfg = Release|x64
		{DC1A07FC-26ED-3CF4-B412-95AF34BE9480}.Release|x64.Build.0 = Release|x64
		{DC1A07FC-26ED-3CF4-B412-95AF34BE9480}.MinSizeRel|x64.ActiveCfg = MinSizeRel|x64
		{DC1A07FC-26ED-3CF4-B412-95AF34BE9480}.MinSizeRel|x64.Build.0 = MinSizeRel|x64
		{DC1A07FC-26ED-3CF4-B412-95AF34BE9480}.RelWithDebInfo|x64.ActiveCfg = RelWithDebInfo|x64
		{DC1A07FC-26ED-3CF4-B412-95AF34BE9480}.RelWithDebInfo|x64.Build.0 = RelWithDebInfo|x64
		{6282EE5D-8EEC-3AE8-BC07-43B26774D1E7}.Debug|x64.ActiveCfg = Debug|x64
		{6282EE5D-8EEC-3AE8-BC07-43B26774D1E7}.Debug|x64.Build.0 = Debug|x64
		{6282EE5D-8EEC-3AE8-BC07-43B26774D1E7}.Release|x64.ActiveCfg = Release|x64
		{6282EE5D-8EEC-3AE8-BC07-43B26774D1E7}.Release|x64.Build.0 = Release|x64
		{6282EE5D-8EEC-3AE8-BC07-43B26774D1E7}.MinSizeRel|x64.ActiveCfg = MinSizeRel|x64
		{6282EE5D-8EEC-3AE8-BC07-43B26774D1E7}.MinSizeRel|x64.Build.0 = MinSizeRel|x64
		{6282EE5D-8EEC-3AE8-BC07-43B26774D1E7}.RelWithDebInfo|x64.ActiveCfg = RelWithDebInfo|x64
		{6282EE5D-8EEC-3AE8-BC07-43B26774D1E7}.RelWithDebInfo|x64.Build.0 = RelWithDebInfo|x64
		{FA99480B-067A-318A-B99D-33FB2BB5754A}.Debug|x64.ActiveCfg = Debug|x64
		{FA99480B-067A-318A-B99D-33FB2BB5754A}.Debug|x64.Build.0 = Debug|x64
		{FA99480B-067A-318A-B99D-33FB2BB5754A}.Release|x64.ActiveCfg = Release|x64
		{FA99480B-067A-318A-B99D-33FB2BB5754A}.Release|x64.Build.0 = Release|x64
		{FA99480B-067A-318A-B99D-33FB2BB5754A}.MinSizeRel|x64.ActiveCfg = MinSizeRel|x64
		{FA99480B-067A-318A-B99D-33FB2BB5754A}.MinSizeRel|x64.Build.0 = MinSizeRel|x64
		{FA99480B-067A-318A-B99D-33FB2BB5754A}.RelWithDebInfo|x64.ActiveCfg = RelWithDebInfo|x64
		{FA99480B-067A-318A-B99D-33FB2BB5754A}.RelWithDebInfo|x64.Build.0 = RelWithDebInfo|x64
		{E9ABBFD2-7AA4-3A0C-B9F8-000691DF3348}.Debug|x64.ActiveCfg = Debug|x64
		{E9ABBFD2-7AA4-3A0C-B9F8-000691DF3348}.Debug|x64.Build.0 = Debug|x64
		{E9ABBFD2-7AA4-3A0C-B9F8-000691DF3348}.Release|x64.ActiveCfg = Release|x64
		{E9ABBFD2-7AA4-3A0C-B9F8-000691DF3348}.Release|x64.Build.0 = Release|x64
		{E9ABBFD2-7AA4-3A0C-B9F8-000691DF3348}.MinSizeRel|x64.ActiveCfg = MinSizeRel|x64
		{E9ABBFD2-7AA4-3A0C-B9F8-000691DF3348}.MinSizeRel|x64.Build.0 = MinSizeRel|x64
		{E9ABBFD2-7AA4-3A0C-B9F8-000691DF3348}.RelWithDebInfo|x64.ActiveCfg = RelWithDebInfo|x64
		{E9ABBFD2-7AA4-3A0C-B9F8-000691DF3348}.RelWithDebInfo|x64.Build.0 = RelWithDebInfo|x64
		{2AFE6D61-8B7C-308A-A5CD-361079952E56}.Debug|x64.ActiveCfg = Debug|x64
		{2AFE6D61-8B7C-308A-A5CD-361079952E56}.Debug|x64.Build.0 = Debug|x64
		{2AFE6D61-8B7C-308A-A5CD-361079952E56}.Release|x64.ActiveCfg = Release|x64
		{2AFE6D61-8B7C-308A-A5CD-361079952E56}.Release|x64.Build.0 = Release|x64
		{2AFE6D61-8B7C-308A-A5CD-361079952E56}.MinSizeRel|x64.ActiveCfg = MinSizeRel|x64
		{2AFE6D61-8B7C-308A-A5CD-361079952E56}.MinSizeRel|x64.Build.0 = MinSizeRel|x64
		{2AFE6D61-8B7C-308A-A5CD-361079952E56}.RelWithDebInfo|x64.ActiveCfg = RelWithDebInfo|x64
		{2AFE6D61-8B7C-308A-A5CD-361079952E56}.RelWithDebInfo|x64.Build.0 = RelWithDebInfo|x64
		{76938A3E-01B4-3BFB-9B2A-A12DC2047D3F}.Debug|x64.ActiveCfg = Debug|x64
		{76938A3E-01B4-3BFB-9B2A-A12DC2047D3F}.Debug|x64.Build.0 = Debug|x64
		{76938A3E-01B4-3BFB-9B2A-A12DC2047D3F}.Release|x64.ActiveCfg = Release|x64
		{76938A3E-01B4-3BFB-9B2A-A12DC2047D3F}.Release|x64.Build.0 = Release|x64
		{76938A3E-01B4-3BFB-9B2A-A12DC2047D3F}.MinSizeRel|x64.ActiveCfg = MinSizeRel|x64
		{76938A3E-01B4-3BFB-9B2A-A12DC2047D3F}.MinSizeRel|x64.Build.0 = MinSizeRel|x64
		{76938A3E-01B4-3BFB-9B2A-A12DC2047D3F}.RelWithDebInfo|x64.ActiveCfg = RelWithDebInfo|x64
		{76938A3E-01B4-3BFB-9B2A-A12DC2047D3F}.RelWithDebInfo|x64.Build.0 = RelWithDebInfo|x64
		{B47EADF5-1258-3837-90A6-4B70609878E3}.Debug|x64.ActiveCfg = Debug|x64
		{B47EADF5-1258-3837-90A6-4B70609878E3}.Debug|x64.Build.0 = Debug|x64
		{B47EADF5-1258-3837-90A6-4B70609878E3}.Release|x64.ActiveCfg = Release|x64
		{B47EADF5-1258-3837-90A6-4B70609878E3}.Release|x64.Build.0 = Release|x64
		{B47EADF5-1258-3837-90A6-4B70609878E3}.MinSizeRel|x64.ActiveCfg = MinSizeRel|x64
		{B47EADF5-1258-3837-90A6-4B70609878E3}.MinSizeRel|x64.Build.0 = MinSizeRel|x64
		{B47EADF5-1258-3837-90A6-4B70609878E3}.RelWithDebInfo|x64.ActiveCfg = RelWithDebInfo|x64
		{B47EADF5-1258-3837-90A6-4B70609878E3}.RelWithDebInfo|x64.Build.0 = RelWithDebInfo|x64
		{5893FCFA-083F-3846-98AC-6C78411AF76B}.Debug|x64.ActiveCfg = Debug|x64
		{5893FCFA-083F-3846-98AC-6C78411AF76B}.Debug|x64.Build.0 = Debug|x64
		{5893FCFA-083F-3846-98AC-6C78411AF76B}.Release|x64.ActiveCfg = Release|x64
		{5893FCFA-083F-3846-98AC-6C78411AF76B}.Release|x64.Build.0 = Release|x64
		{5893FCFA-083F-3846-98AC-6C78411AF76B}.MinSizeRel|x64.ActiveCfg = MinSizeRel|x64
		{5893FCFA-083F-3846-98AC-6C78411AF76B}.MinSizeRel|x64.Build.0 = MinSizeRel|x64
		{5893FCFA-083F-3846-98AC-6C78411AF76B}.RelWithDebInfo|x64.ActiveCfg = RelWithDebInfo|x64
		{5893FCFA-083F-3846-98AC-6C78411AF76B}.RelWithDebInfo|x64.Build.0 = RelWithDebInfo|x64
		{12607A48-7132-3451-9D00-34FD4DFDD052}.Debug|x64.ActiveCfg = Debug|x64
		{12607A48-7132-3451-9D00-34FD4DFDD052}.Debug|x64.Build.0 = Debug|x64
		{12607A48-7132-3451-9D00-34FD4DFDD052}.Release|x64.ActiveCfg = Release|x64
		{12607A48-7132-3451-9D00-34FD4DFDD052}.Release|x64.Build.0 = Release|x64
		{12607A48-7132-3451-9D00-34FD4DFDD052}.MinSizeRel|x64.ActiveCfg = MinSizeRel|x64
		{12607A48-7132-3451-9D00-34FD4DFDD052}.MinSizeRel|x64.Build.0 = MinSizeRel|x64
		{12607A48-7132-3451-9D00-34FD4DFDD052}.RelWithDebInfo|x64.ActiveCfg = RelWithDebInfo|x64
		{12607A48-7132-3451-9D00-34FD4DFDD052}.RelWithDebInfo|x64.Build.0 = RelWithDebInfo|x64
		{CA410BC4-5010-3E6D-BEBA-74F8E6CAE665}.Debug|x64.ActiveCfg = Debug|x64
		{CA410BC4-5010-3E6D-BEBA-74F8E6CAE665}.Debug|x64.Build.0 = Debug|x64
		{CA410BC4-5010-3E6D-BEBA-74F8E6CAE665}.Release|x64.ActiveCfg = Release|x64
		{CA410BC4-5010-3E6D-BEBA-74F8E6CAE665}.Release|x64.Build.0 = Release|x64
		{CA410BC4-5010-3E6D-BEBA-74F8E6CAE665}.MinSizeRel|x64.ActiveCfg = MinSizeRel|x64
		{CA410BC4-5010-3E6D-BEBA-74F8E6CAE665}.MinSizeRel|x64.Build.0 = MinSizeRel|x64
		{CA410BC4-5010-3E6D-BEBA-74F8E6CAE665}.RelWithDebInfo|x64.ActiveCfg = RelWithDebInfo|x64
		{CA410BC4-5010-3E6D-BEBA-74F8E6CAE665}.RelWithDebInfo|x64.Build.0 = RelWithDebInfo|x64
		{38BE1567-F6B6-3DAD-AF62-0896804642B5}.Debug|x64.ActiveCfg = Debug|x64
		{38BE1567-F6B6-3DAD-AF62-0896804642B5}.Debug|x64.Build.0 = Debug|x64
		{38BE1567-F6B6-3DAD-AF62-0896804642B5}.Release|x64.ActiveCfg = Release|x64
		{38BE1567-F6B6-3DAD-AF62-0896804642B5}.Release|x64.Build.0 = Release|x64
		{38BE1567-F6B6-3DAD-AF62-0896804642B5}.MinSizeRel|x64.ActiveCfg = MinSizeRel|x64
		{38BE1567-F6B6-3DAD-AF62-0896804642B5}.MinSizeRel|x64.Build.0 = MinSizeRel|x64
		{38BE1567-F6B6-3DAD-AF62-0896804642B5}.RelWithDebInfo|x64.ActiveCfg = RelWithDebInfo|x64
		{38BE1567-F6B6-3DAD-AF62-0896804642B5}.RelWithDebInfo|x64.Build.0 = RelWithDebInfo|x64
		{682FB35B-B82C-3FC8-8ECF-9DB3B5B78B4F}.Debug|x64.ActiveCfg = Debug|x64
		{682FB35B-B82C-3FC8-8ECF-9DB3B5B78B4F}.Debug|x64.Build.0 = Debug|x64
		{682FB35B-B82C-3FC8-8ECF-9DB3B5B78B4F}.Release|x64.ActiveCfg = Release|x64
		{682FB35B-B82C-3FC8-8ECF-9DB3B5B78B4F}.Release|x64.Build.0 = Release|x64
		{682FB35B-B82C-3FC8-8ECF-9DB3B5B78B4F}.MinSizeRel|x64.ActiveCfg = MinSizeRel|x64
		{682FB35B-B82C-3FC8-8ECF-9DB3B5B78B4F}.MinSizeRel|x64.Build.0 = MinSizeRel|x64
		{682FB35B-B82C-3FC8-8ECF-9DB3B5B78B4F}.RelWithDebInfo|x64.ActiveCfg = RelWithDebInfo|x64
		{682FB35B-B82C-3FC8-8ECF-9DB3B5B78B4F}.RelWithDebInfo|x64.Build.0 = RelWithDebInfo|x64
		{4D656656-DAFB-303C-9AFD-0122CAA2B1F2}.Debug|x64.ActiveCfg = Debug|x64
		{4D656656-DAFB-303C-9AFD-0122CAA2B1F2}.Release|x64.ActiveCfg = Release|x64
		{4D656656-DAFB-303C-9AFD-0122CAA2B1F2}.MinSizeRel|x64.ActiveCfg = MinSizeRel|x64
		{4D656656-DAFB-303C-9AFD-0122CAA2B1F2}.RelWithDebInfo|x64.ActiveCfg = RelWithDebInfo|x64
		{2DDA8EBF-F8E3-306C-A881-743B2BFF741B}.Debug|x64.ActiveCfg = Debug|x64
		{2DDA8EBF-F8E3-306C-A881-743B2BFF741B}.Debug|x64.Build.0 = Debug|x64
		{2DDA8EBF-F8E3-306C-A881-743B2BFF741B}.Release|x64.ActiveCfg = Release|x64
		{2DDA8EBF-F8E3-306C-A881-743B2BFF741B}.Release|x64.Build.0 = Release|x64
		{2DDA8EBF-F8E3-306C-A881-743B2BFF741B}.MinSizeRel|x64.ActiveCfg = MinSizeRel|x64
		{2DDA8EBF-F8E3-306C-A881-743B2BFF741B}.MinSizeRel|x64.Build.0 = MinSizeRel|x64
		{2DDA8EBF-F8E3-306C-A881-743B2BFF741B}.RelWithDebInfo|x64.ActiveCfg = RelWithDebInfo|x64
		{2DDA8EBF-F8E3-306C-A881-743B2BFF741B}.RelWithDebInfo|x64.Build.0 = RelWithDebInfo|x64
		{2ABF2B5B-480A-370F-B8AA-C7084017C679}.Debug|x64.ActiveCfg = Debug|x64
		{2ABF2B5B-480A-370F-B8AA-C7084017C679}.Debug|x64.Build.0 = Debug|x64
		{2ABF2B5B-480A-370F-B8AA-C7084017C679}.Release|x64.ActiveCfg = Release|x64
		{2ABF2B5B-480A-370F-B8AA-C7084017C679}.Release|x64.Build.0 = Release|x64
		{2ABF2B5B-480A-370F-B8AA-C7084017C679}.MinSizeRel|x64.ActiveCfg = MinSizeRel|x64
		{2ABF2B5B-480A-370F-B8AA-C7084017C679}.MinSizeRel|x64.Build.0 = MinSizeRel|x64
		{2ABF2B5B-480A-370F-B8AA-C7084017C679}.RelWithDebInfo|x64.ActiveCfg = RelWithDebInfo|x64
		{2ABF2B5B-480A-370F-B8AA-C7084017C679}.RelWithDebInfo|x64.Build.0 = RelWithDebInfo|x64
	EndGlobalSection
	GlobalSection(NestedProjects) = preSolution
		{D0031D11-DFD1-31F2-ABA3-E901C23A371F} = {9E9BBF18-9F07-3E25-B173-F1F1F61905A7}
		{130A7FC0-FE4C-33DB-9DBA-9BC10BF31668} = {9E9BBF18-9F07-3E25-B173-F1F1F61905A7}
		{6D24A0BC-8F8E-3990-8D28-C7C43F33E401} = {9E9BBF18-9F07-3E25-B173-F1F1F61905A7}
		{0B377351-85B7-3AB5-844A-96D3C6FC138D} = {447E2B69-6CB9-3C90-8C2F-8C43AA404725}
		{668499D1-D9C3-3F7A-BE42-CF6C8B14603E} = {447E2B69-6CB9-3C90-8C2F-8C43AA404725}
		{D6E72B07-6EDB-3569-B085-001A82594A55} = {447E2B69-6CB9-3C90-8C2F-8C43AA404725}
		{4D656656-DAFB-303C-9AFD-0122CAA2B1F2} = {447E2B69-6CB9-3C90-8C2F-8C43AA404725}
		{D20B4008-64F1-3686-8416-52E2E821D7E2} = {0B377351-85B7-3AB5-844A-96D3C6FC138D}
		{2C04C096-3335-39B0-84D9-CEA182AE88E8} = {0B377351-85B7-3AB5-844A-96D3C6FC138D}
		{24CF4E11-9FF1-399F-A28C-E5B14B37FC1A} = {0B377351-85B7-3AB5-844A-96D3C6FC138D}
		{DC1A07FC-26ED-3CF4-B412-95AF34BE9480} = {0B377351-85B7-3AB5-844A-96D3C6FC138D}
		{FA99480B-067A-318A-B99D-33FB2BB5754A} = {0B377351-85B7-3AB5-844A-96D3C6FC138D}
		{2AFE6D61-8B7C-308A-A5CD-361079952E56} = {0B377351-85B7-3AB5-844A-96D3C6FC138D}
		{76938A3E-01B4-3BFB-9B2A-A12DC2047D3F} = {0B377351-85B7-3AB5-844A-96D3C6FC138D}
		{B47EADF5-1258-3837-90A6-4B70609878E3} = {0B377351-85B7-3AB5-844A-96D3C6FC138D}
		{2DDA8EBF-F8E3-306C-A881-743B2BFF741B} = {0B377351-85B7-3AB5-844A-96D3C6FC138D}
		{11FEFCC0-4B42-32B0-9164-A3E64E7D6DD2} = {668499D1-D9C3-3F7A-BE42-CF6C8B14603E}
		{42959FEC-38C9-3E32-BCB5-96265B3E82F4} = {668499D1-D9C3-3F7A-BE42-CF6C8B14603E}
		{377AD4E1-0969-3257-BE35-429798DF6064} = {668499D1-D9C3-3F7A-BE42-CF6C8B14603E}
		{2284048E-70F5-317D-8364-B6308DBF1BE9} = {668499D1-D9C3-3F7A-BE42-CF6C8B14603E}
		{3FBA77A9-E97B-3A56-9FA6-96BAD3295ED1} = {668499D1-D9C3-3F7A-BE42-CF6C8B14603E}
		{8EDE0100-6505-303D-99F8-12D5894115DE} = {668499D1-D9C3-3F7A-BE42-CF6C8B14603E}
		{25D2D9FF-E037-38FD-808A-D6DF68272F9B} = {668499D1-D9C3-3F7A-BE42-CF6C8B14603E}
		{ABF1354D-56F1-33DA-B597-862F7F1012E0} = {668499D1-D9C3-3F7A-BE42-CF6C8B14603E}
		{CF7E52A2-98FD-3244-9CB6-CDA0F835C352} = {668499D1-D9C3-3F7A-BE42-CF6C8B14603E}
		{0BAC4125-0615-3BDF-87FA-88A03D3D45C8} = {668499D1-D9C3-3F7A-BE42-CF6C8B14603E}
		{561B52F6-224B-3B70-A3E2-E0A71FF609D0} = {668499D1-D9C3-3F7A-BE42-CF6C8B14603E}
		{8C9B2BD3-3710-3697-BF77-4D404694EE39} = {668499D1-D9C3-3F7A-BE42-CF6C8B14603E}
		{6282EE5D-8EEC-3AE8-BC07-43B26774D1E7} = {668499D1-D9C3-3F7A-BE42-CF6C8B14603E}
		{E9ABBFD2-7AA4-3A0C-B9F8-000691DF3348} = {668499D1-D9C3-3F7A-BE42-CF6C8B14603E}
		{5893FCFA-083F-3846-98AC-6C78411AF76B} = {668499D1-D9C3-3F7A-BE42-CF6C8B14603E}
		{12607A48-7132-3451-9D00-34FD4DFDD052} = {668499D1-D9C3-3F7A-BE42-CF6C8B14603E}
		{CA410BC4-5010-3E6D-BEBA-74F8E6CAE665} = {668499D1-D9C3-3F7A-BE42-CF6C8B14603E}
		{38BE1567-F6B6-3DAD-AF62-0896804642B5} = {668499D1-D9C3-3F7A-BE42-CF6C8B14603E}
		{682FB35B-B82C-3FC8-8ECF-9DB3B5B78B4F} = {668499D1-D9C3-3F7A-BE42-CF6C8B14603E}
		{2ABF2B5B-480A-370F-B8AA-C7084017C679} = {668499D1-D9C3-3F7A-BE42-CF6C8B14603E}
	EndGlobalSection
	GlobalSection(ExtensibilityGlobals) = postSolution
		SolutionGuid = {41EC0210-685C-3C61-8B42-CACECD34658C}
	EndGlobalSection
	GlobalSection(ExtensibilityAddIns) = postSolution
	EndGlobalSection
EndGlobal
